
Microsoft Visual Studio Solution File, Format Version 12.00
# Visual Studio Version 16
VisualStudioVersion = 16.0.30114.105
MinimumVisualStudioVersion = 10.0.40219.1
Project("{FAE04EC0-301F-11D3-BF4B-00C04F79EFBC}") = "Yape.Api", "Yape.Api\Yape.Api.csproj", "{B3D2495C-81DB-4508-9D1F-E060E3970E3A}"
EndProject
Project("{FAE04EC0-301F-11D3-BF4B-00C04F79EFBC}") = "Yape.Sdk", "Yape.Sdk\Yape.Sdk.csproj", "{128480ED-FFB8-407B-88DC-A6337FF2012A}"
EndProject
Global
	GlobalSection(SolutionConfigurationPlatforms) = preSolution
		Debug|Any CPU = Debug|Any CPU
		Release|Any CPU = Release|Any CPU
	EndGlobalSection
	GlobalSection(ProjectConfigurationPlatforms) = postSolution
		{B3D2495C-81DB-4508-9D1F-E060E3970E3A}.Debug|Any CPU.ActiveCfg = Debug|Any CPU
		{B3D2495C-81DB-4508-9D1F-E060E3970E3A}.Debug|Any CPU.Build.0 = Debug|Any CPU
		{B3D2495C-81DB-4508-9D1F-E060E3970E3A}.Release|Any CPU.ActiveCfg = Release|Any CPU
		{B3D2495C-81DB-4508-9D1F-E060E3970E3A}.Release|Any CPU.Build.0 = Release|Any CPU
		{128480ED-FFB8-407B-88DC-A6337FF2012A}.Debug|Any CPU.ActiveCfg = Debug|Any CPU
		{128480ED-FFB8-407B-88DC-A6337FF2012A}.Debug|Any CPU.Build.0 = Debug|Any CPU
		{128480ED-FFB8-407B-88DC-A6337FF2012A}.Release|Any CPU.ActiveCfg = Release|Any CPU
		{128480ED-FFB8-407B-88DC-A6337FF2012A}.Release|Any CPU.Build.0 = Release|Any CPU
	EndGlobalSection
	GlobalSection(SolutionProperties) = preSolution
		HideSolutionNode = FALSE
	EndGlobalSection
	GlobalSection(ExtensibilityGlobals) = postSolution
		SolutionGuid = {EBAE4EA2-845D-43A1-8431-E8507F9249A6}
	EndGlobalSection
EndGlobal
